
Microsoft Visual Studio Solution File, Format Version 12.00
# Visual Studio Version 17
VisualStudioVersion = 17.14.36623.8 d17.14
MinimumVisualStudioVersion = 10.0.40219.1
Project("{FAE04EC0-301F-11D3-BF4B-00C04F79EFBC}") = "IventarioProyecto", "IventarioProyecto\IventarioProyecto.csproj", "{C468853E-421A-44B6-B085-61995100C697}"
EndProject
Global
	GlobalSection(SolutionConfigurationPlatforms) = preSolution
		Debug|Any CPU = Debug|Any CPU
		Release|Any CPU = Release|Any CPU
	EndGlobalSection
	GlobalSection(ProjectConfigurationPlatforms) = postSolution
		{C468853E-421A-44B6-B085-61995100C697}.Debug|Any CPU.ActiveCfg = Debug|Any CPU
		{C468853E-421A-44B6-B085-61995100C697}.Debug|Any CPU.Build.0 = Debug|Any CPU
		{C468853E-421A-44B6-B085-61995100C697}.Release|Any CPU.ActiveCfg = Release|Any CPU
		{C468853E-421A-44B6-B085-61995100C697}.Release|Any CPU.Build.0 = Release|Any CPU
	EndGlobalSection
	GlobalSection(SolutionProperties) = preSolution
		HideSolutionNode = FALSE
	EndGlobalSection
	GlobalSection(ExtensibilityGlobals) = postSolution
		SolutionGuid = {D364E37C-243E-4E2B-89FD-B068E3BAC0EC}
	EndGlobalSection
EndGlobal
